// !$*UTF8*$!
{
	archiveVersion = 1;
	classes = {
	};
	objectVersion = 48;
	objects = {

/* Begin PBXBuildFile section */
		3DED06DF106482F3F10E18BC /* Pods_Virtual_WalletUITests.framework in Frameworks */ = {isa = PBXBuildFile; fileRef = BEF4C32593D8D9490B94EFDA /* Pods_Virtual_WalletUITests.framework */; };
		9084ABF11F9D36B200636D0E /* CustomButton.swift in Sources */ = {isa = PBXBuildFile; fileRef = 9084ABF01F9D36B200636D0E /* CustomButton.swift */; };
		90B3A6DC1F9BC970005B7862 /* AppDelegate.swift in Sources */ = {isa = PBXBuildFile; fileRef = 90B3A6DB1F9BC970005B7862 /* AppDelegate.swift */; };
		90B3A6DE1F9BC970005B7862 /* ViewController.swift in Sources */ = {isa = PBXBuildFile; fileRef = 90B3A6DD1F9BC970005B7862 /* ViewController.swift */; };
		90B3A6E11F9BC970005B7862 /* Main.storyboard in Resources */ = {isa = PBXBuildFile; fileRef = 90B3A6DF1F9BC970005B7862 /* Main.storyboard */; };
		90B3A6E41F9BC970005B7862 /* Virtual_Wallet.xcdatamodeld in Sources */ = {isa = PBXBuildFile; fileRef = 90B3A6E21F9BC970005B7862 /* Virtual_Wallet.xcdatamodeld */; };
		90B3A6E61F9BC970005B7862 /* Assets.xcassets in Resources */ = {isa = PBXBuildFile; fileRef = 90B3A6E51F9BC970005B7862 /* Assets.xcassets */; };
		90B3A6E91F9BC970005B7862 /* LaunchScreen.storyboard in Resources */ = {isa = PBXBuildFile; fileRef = 90B3A6E71F9BC970005B7862 /* LaunchScreen.storyboard */; };
		90B3A6F41F9BC970005B7862 /* Virtual_WalletTests.swift in Sources */ = {isa = PBXBuildFile; fileRef = 90B3A6F31F9BC970005B7862 /* Virtual_WalletTests.swift */; };
		90B3A6FF1F9BC971005B7862 /* Virtual_WalletUITests.swift in Sources */ = {isa = PBXBuildFile; fileRef = 90B3A6FE1F9BC971005B7862 /* Virtual_WalletUITests.swift */; };
		CA764E73BE4A187A4DE1A0C8 /* Pods_Virtual_Wallet.framework in Frameworks */ = {isa = PBXBuildFile; fileRef = 1F51F6B350DB0A943900E0B2 /* Pods_Virtual_Wallet.framework */; };
		FC9176ABCC22F94131AC4151 /* Pods_Virtual_WalletTests.framework in Frameworks */ = {isa = PBXBuildFile; fileRef = FC189EFBCE09F899F67A8A3B /* Pods_Virtual_WalletTests.framework */; };
/* End PBXBuildFile section */

/* Begin PBXContainerItemProxy section */
		90B3A6F01F9BC970005B7862 /* PBXContainerItemProxy */ = {
			isa = PBXContainerItemProxy;
			containerPortal = 90B3A6D01F9BC970005B7862 /* Project object */;
			proxyType = 1;
			remoteGlobalIDString = 90B3A6D71F9BC970005B7862;
			remoteInfo = "Virtual Wallet";
		};
		90B3A6FB1F9BC970005B7862 /* PBXContainerItemProxy */ = {
			isa = PBXContainerItemProxy;
			containerPortal = 90B3A6D01F9BC970005B7862 /* Project object */;
			proxyType = 1;
			remoteGlobalIDString = 90B3A6D71F9BC970005B7862;
			remoteInfo = "Virtual Wallet";
		};
/* End PBXContainerItemProxy section */

/* Begin PBXFileReference section */
		1F51F6B350DB0A943900E0B2 /* Pods_Virtual_Wallet.framework */ = {isa = PBXFileReference; explicitFileType = wrapper.framework; includeInIndex = 0; path = Pods_Virtual_Wallet.framework; sourceTree = BUILT_PRODUCTS_DIR; };
		3E93CF958902F4B99BEAF076 /* Pods-Virtual WalletUITests.release.xcconfig */ = {isa = PBXFileReference; includeInIndex = 1; lastKnownFileType = text.xcconfig; name = "Pods-Virtual WalletUITests.release.xcconfig"; path = "Pods/Target Support Files/Pods-Virtual WalletUITests/Pods-Virtual WalletUITests.release.xcconfig"; sourceTree = "<group>"; };
		82BD09894D595622016E77CD /* Pods-Virtual Wallet.release.xcconfig */ = {isa = PBXFileReference; includeInIndex = 1; lastKnownFileType = text.xcconfig; name = "Pods-Virtual Wallet.release.xcconfig"; path = "Pods/Target Support Files/Pods-Virtual Wallet/Pods-Virtual Wallet.release.xcconfig"; sourceTree = "<group>"; };
		9084ABF01F9D36B200636D0E /* CustomButton.swift */ = {isa = PBXFileReference; fileEncoding = 4; lastKnownFileType = sourcecode.swift; path = CustomButton.swift; sourceTree = "<group>"; };
		90B3A6D81F9BC970005B7862 /* Virtual Wallet.app */ = {isa = PBXFileReference; explicitFileType = wrapper.application; includeInIndex = 0; path = "Virtual Wallet.app"; sourceTree = BUILT_PRODUCTS_DIR; };
		90B3A6DB1F9BC970005B7862 /* AppDelegate.swift */ = {isa = PBXFileReference; lastKnownFileType = sourcecode.swift; path = AppDelegate.swift; sourceTree = "<group>"; };
		90B3A6DD1F9BC970005B7862 /* ViewController.swift */ = {isa = PBXFileReference; lastKnownFileType = sourcecode.swift; path = ViewController.swift; sourceTree = "<group>"; };
		90B3A6E01F9BC970005B7862 /* Base */ = {isa = PBXFileReference; lastKnownFileType = file.storyboard; name = Base; path = Base.lproj/Main.storyboard; sourceTree = "<group>"; };
		90B3A6E31F9BC970005B7862 /* Virtual_Wallet.xcdatamodel */ = {isa = PBXFileReference; lastKnownFileType = wrapper.xcdatamodel; path = Virtual_Wallet.xcdatamodel; sourceTree = "<group>"; };
		90B3A6E51F9BC970005B7862 /* Assets.xcassets */ = {isa = PBXFileReference; lastKnownFileType = folder.assetcatalog; path = Assets.xcassets; sourceTree = "<group>"; };
		90B3A6E81F9BC970005B7862 /* Base */ = {isa = PBXFileReference; lastKnownFileType = file.storyboard; name = Base; path = Base.lproj/LaunchScreen.storyboard; sourceTree = "<group>"; };
		90B3A6EA1F9BC970005B7862 /* Info.plist */ = {isa = PBXFileReference; lastKnownFileType = text.plist.xml; path = Info.plist; sourceTree = "<group>"; };
		90B3A6EF1F9BC970005B7862 /* Virtual WalletTests.xctest */ = {isa = PBXFileReference; explicitFileType = wrapper.cfbundle; includeInIndex = 0; path = "Virtual WalletTests.xctest"; sourceTree = BUILT_PRODUCTS_DIR; };
		90B3A6F31F9BC970005B7862 /* Virtual_WalletTests.swift */ = {isa = PBXFileReference; lastKnownFileType = sourcecode.swift; path = Virtual_WalletTests.swift; sourceTree = "<group>"; };
		90B3A6F51F9BC970005B7862 /* Info.plist */ = {isa = PBXFileReference; lastKnownFileType = text.plist.xml; path = Info.plist; sourceTree = "<group>"; };
		90B3A6FA1F9BC970005B7862 /* Virtual WalletUITests.xctest */ = {isa = PBXFileReference; explicitFileType = wrapper.cfbundle; includeInIndex = 0; path = "Virtual WalletUITests.xctest"; sourceTree = BUILT_PRODUCTS_DIR; };
		90B3A6FE1F9BC971005B7862 /* Virtual_WalletUITests.swift */ = {isa = PBXFileReference; lastKnownFileType = sourcecode.swift; path = Virtual_WalletUITests.swift; sourceTree = "<group>"; };
		90B3A7001F9BC971005B7862 /* Info.plist */ = {isa = PBXFileReference; lastKnownFileType = text.plist.xml; path = Info.plist; sourceTree = "<group>"; };
		9DF5A5C1CC7E8CCBBC51EF53 /* Pods-Virtual Wallet.debug.xcconfig */ = {isa = PBXFileReference; includeInIndex = 1; lastKnownFileType = text.xcconfig; name = "Pods-Virtual Wallet.debug.xcconfig"; path = "Pods/Target Support Files/Pods-Virtual Wallet/Pods-Virtual Wallet.debug.xcconfig"; sourceTree = "<group>"; };
		A7CCED1252DA25DE3BC47C51 /* Pods-Virtual WalletUITests.debug.xcconfig */ = {isa = PBXFileReference; includeInIndex = 1; lastKnownFileType = text.xcconfig; name = "Pods-Virtual WalletUITests.debug.xcconfig"; path = "Pods/Target Support Files/Pods-Virtual WalletUITests/Pods-Virtual WalletUITests.debug.xcconfig"; sourceTree = "<group>"; };
		B9142CB73BBA14E79F3D5885 /* Pods-Virtual WalletTests.debug.xcconfig */ = {isa = PBXFileReference; includeInIndex = 1; lastKnownFileType = text.xcconfig; name = "Pods-Virtual WalletTests.debug.xcconfig"; path = "Pods/Target Support Files/Pods-Virtual WalletTests/Pods-Virtual WalletTests.debug.xcconfig"; sourceTree = "<group>"; };
		BEF4C32593D8D9490B94EFDA /* Pods_Virtual_WalletUITests.framework */ = {isa = PBXFileReference; explicitFileType = wrapper.framework; includeInIndex = 0; path = Pods_Virtual_WalletUITests.framework; sourceTree = BUILT_PRODUCTS_DIR; };
		E10B437C837F09EB4DB27CEE /* Pods-Virtual WalletTests.release.xcconfig */ = {isa = PBXFileReference; includeInIndex = 1; lastKnownFileType = text.xcconfig; name = "Pods-Virtual WalletTests.release.xcconfig"; path = "Pods/Target Support Files/Pods-Virtual WalletTests/Pods-Virtual WalletTests.release.xcconfig"; sourceTree = "<group>"; };
		FC189EFBCE09F899F67A8A3B /* Pods_Virtual_WalletTests.framework */ = {isa = PBXFileReference; explicitFileType = wrapper.framework; includeInIndex = 0; path = Pods_Virtual_WalletTests.framework; sourceTree = BUILT_PRODUCTS_DIR; };
/* End PBXFileReference section */

/* Begin PBXFrameworksBuildPhase section */
		90B3A6D51F9BC970005B7862 /* Frameworks */ = {
			isa = PBXFrameworksBuildPhase;
			buildActionMask = 2147483647;
			files = (
				CA764E73BE4A187A4DE1A0C8 /* Pods_Virtual_Wallet.framework in Frameworks */,
			);
			runOnlyForDeploymentPostprocessing = 0;
		};
		90B3A6EC1F9BC970005B7862 /* Frameworks */ = {
			isa = PBXFrameworksBuildPhase;
			buildActionMask = 2147483647;
			files = (
				FC9176ABCC22F94131AC4151 /* Pods_Virtual_WalletTests.framework in Frameworks */,
			);
			runOnlyForDeploymentPostprocessing = 0;
		};
		90B3A6F71F9BC970005B7862 /* Frameworks */ = {
			isa = PBXFrameworksBuildPhase;
			buildActionMask = 2147483647;
			files = (
				3DED06DF106482F3F10E18BC /* Pods_Virtual_WalletUITests.framework in Frameworks */,
			);
			runOnlyForDeploymentPostprocessing = 0;
		};
/* End PBXFrameworksBuildPhase section */

/* Begin PBXGroup section */
		01809D23D1E3D952A7F0FA1D /* Pods */ = {
			isa = PBXGroup;
			children = (
				9DF5A5C1CC7E8CCBBC51EF53 /* Pods-Virtual Wallet.debug.xcconfig */,
				82BD09894D595622016E77CD /* Pods-Virtual Wallet.release.xcconfig */,
				B9142CB73BBA14E79F3D5885 /* Pods-Virtual WalletTests.debug.xcconfig */,
				E10B437C837F09EB4DB27CEE /* Pods-Virtual WalletTests.release.xcconfig */,
				A7CCED1252DA25DE3BC47C51 /* Pods-Virtual WalletUITests.debug.xcconfig */,
				3E93CF958902F4B99BEAF076 /* Pods-Virtual WalletUITests.release.xcconfig */,
			);
			name = Pods;
			sourceTree = "<group>";
		};
		32FFB2C220EB868DF0141CDB /* Frameworks */ = {
			isa = PBXGroup;
			children = (
				1F51F6B350DB0A943900E0B2 /* Pods_Virtual_Wallet.framework */,
				FC189EFBCE09F899F67A8A3B /* Pods_Virtual_WalletTests.framework */,
				BEF4C32593D8D9490B94EFDA /* Pods_Virtual_WalletUITests.framework */,
			);
			name = Frameworks;
			sourceTree = "<group>";
		};
		90B3A6CF1F9BC970005B7862 = {
			isa = PBXGroup;
			children = (
				90B3A6DA1F9BC970005B7862 /* Virtual Wallet */,
				90B3A6F21F9BC970005B7862 /* Virtual WalletTests */,
				90B3A6FD1F9BC971005B7862 /* Virtual WalletUITests */,
				90B3A6D91F9BC970005B7862 /* Products */,
				01809D23D1E3D952A7F0FA1D /* Pods */,
				32FFB2C220EB868DF0141CDB /* Frameworks */,
			);
			sourceTree = "<group>";
		};
		90B3A6D91F9BC970005B7862 /* Products */ = {
			isa = PBXGroup;
			children = (
				90B3A6D81F9BC970005B7862 /* Virtual Wallet.app */,
				90B3A6EF1F9BC970005B7862 /* Virtual WalletTests.xctest */,
				90B3A6FA1F9BC970005B7862 /* Virtual WalletUITests.xctest */,
			);
			name = Products;
			sourceTree = "<group>";
		};
		90B3A6DA1F9BC970005B7862 /* Virtual Wallet */ = {
			isa = PBXGroup;
			children = (
				90B3A70C1F9BC9B5005B7862 /* UI */,
				90B3A6E51F9BC970005B7862 /* Assets.xcassets */,
				90B3A70D1F9BC9BC005B7862 /* Controllers */,
				90B3A70E1F9BC9C6005B7862 /* Model */,
				90B3A70F1F9BC9CC005B7862 /* Support Files */,
				90B3A6EA1F9BC970005B7862 /* Info.plist */,
			);
			path = "Virtual Wallet";
			sourceTree = "<group>";
		};
		90B3A6F21F9BC970005B7862 /* Virtual WalletTests */ = {
			isa = PBXGroup;
			children = (
				90B3A6F31F9BC970005B7862 /* Virtual_WalletTests.swift */,
				90B3A6F51F9BC970005B7862 /* Info.plist */,
			);
			path = "Virtual WalletTests";
			sourceTree = "<group>";
		};
		90B3A6FD1F9BC971005B7862 /* Virtual WalletUITests */ = {
			isa = PBXGroup;
			children = (
				90B3A6FE1F9BC971005B7862 /* Virtual_WalletUITests.swift */,
				90B3A7001F9BC971005B7862 /* Info.plist */,
			);
			path = "Virtual WalletUITests";
			sourceTree = "<group>";
		};
		90B3A70C1F9BC9B5005B7862 /* UI */ = {
			isa = PBXGroup;
			children = (
				90B3A6DF1F9BC970005B7862 /* Main.storyboard */,
				90B3A6E71F9BC970005B7862 /* LaunchScreen.storyboard */,
			);
			path = UI;
			sourceTree = "<group>";
		};
		90B3A70D1F9BC9BC005B7862 /* Controllers */ = {
			isa = PBXGroup;
			children = (
				90B3A6DD1F9BC970005B7862 /* ViewController.swift */,
			);
			path = Controllers;
			sourceTree = "<group>";
		};
		90B3A70E1F9BC9C6005B7862 /* Model */ = {
			isa = PBXGroup;
			children = (
				9084ABF01F9D36B200636D0E /* CustomButton.swift */,
			);
			path = Model;
			sourceTree = "<group>";
		};
		90B3A70F1F9BC9CC005B7862 /* Support Files */ = {
			isa = PBXGroup;
			children = (
				90B3A6DB1F9BC970005B7862 /* AppDelegate.swift */,
				90B3A6E21F9BC970005B7862 /* Virtual_Wallet.xcdatamodeld */,
			);
			path = "Support Files";
			sourceTree = "<group>";
		};
/* End PBXGroup section */

/* Begin PBXNativeTarget section */
		90B3A6D71F9BC970005B7862 /* Virtual Wallet */ = {
			isa = PBXNativeTarget;
			buildConfigurationList = 90B3A7031F9BC971005B7862 /* Build configuration list for PBXNativeTarget "Virtual Wallet" */;
			buildPhases = (
				E10CF92B90362875B8400638 /* [CP] Check Pods Manifest.lock */,
				90B3A6D41F9BC970005B7862 /* Sources */,
				90B3A6D51F9BC970005B7862 /* Frameworks */,
				90B3A6D61F9BC970005B7862 /* Resources */,
				1CCC26EBF2CD36BF2493B248 /* [CP] Embed Pods Frameworks */,
				F4838B5C321DF65EE9241BB2 /* [CP] Copy Pods Resources */,
			);
			buildRules = (
			);
			dependencies = (
			);
			name = "Virtual Wallet";
			productName = "Virtual Wallet";
			productReference = 90B3A6D81F9BC970005B7862 /* Virtual Wallet.app */;
			productType = "com.apple.product-type.application";
		};
		90B3A6EE1F9BC970005B7862 /* Virtual WalletTests */ = {
			isa = PBXNativeTarget;
			buildConfigurationList = 90B3A7061F9BC971005B7862 /* Build configuration list for PBXNativeTarget "Virtual WalletTests" */;
			buildPhases = (
				76243D8B44D78B16FF3FF993 /* [CP] Check Pods Manifest.lock */,
				90B3A6EB1F9BC970005B7862 /* Sources */,
				90B3A6EC1F9BC970005B7862 /* Frameworks */,
				90B3A6ED1F9BC970005B7862 /* Resources */,
				77AB324F05223C1B95985B94 /* [CP] Embed Pods Frameworks */,
				8B2481AEEA63983211515626 /* [CP] Copy Pods Resources */,
			);
			buildRules = (
			);
			dependencies = (
				90B3A6F11F9BC970005B7862 /* PBXTargetDependency */,
			);
			name = "Virtual WalletTests";
			productName = "Virtual WalletTests";
			productReference = 90B3A6EF1F9BC970005B7862 /* Virtual WalletTests.xctest */;
			productType = "com.apple.product-type.bundle.unit-test";
		};
		90B3A6F91F9BC970005B7862 /* Virtual WalletUITests */ = {
			isa = PBXNativeTarget;
			buildConfigurationList = 90B3A7091F9BC971005B7862 /* Build configuration list for PBXNativeTarget "Virtual WalletUITests" */;
			buildPhases = (
				21D86201CFF2BBE6171DFAC9 /* [CP] Check Pods Manifest.lock */,
				90B3A6F61F9BC970005B7862 /* Sources */,
				90B3A6F71F9BC970005B7862 /* Frameworks */,
				90B3A6F81F9BC970005B7862 /* Resources */,
				341D1285DCCF28B8180F5190 /* [CP] Embed Pods Frameworks */,
				3E0274909DA3AF68D5AEC3ED /* [CP] Copy Pods Resources */,
			);
			buildRules = (
			);
			dependencies = (
				90B3A6FC1F9BC970005B7862 /* PBXTargetDependency */,
			);
			name = "Virtual WalletUITests";
			productName = "Virtual WalletUITests";
			productReference = 90B3A6FA1F9BC970005B7862 /* Virtual WalletUITests.xctest */;
			productType = "com.apple.product-type.bundle.ui-testing";
		};
/* End PBXNativeTarget section */

/* Begin PBXProject section */
		90B3A6D01F9BC970005B7862 /* Project object */ = {
			isa = PBXProject;
			attributes = {
				LastSwiftUpdateCheck = 0900;
				LastUpgradeCheck = 0900;
				ORGANIZATIONNAME = "Andrii Halabuda";
				TargetAttributes = {
					90B3A6D71F9BC970005B7862 = {
						CreatedOnToolsVersion = 9.0.1;
						ProvisioningStyle = Automatic;
					};
					90B3A6EE1F9BC970005B7862 = {
						CreatedOnToolsVersion = 9.0.1;
						ProvisioningStyle = Automatic;
						TestTargetID = 90B3A6D71F9BC970005B7862;
					};
					90B3A6F91F9BC970005B7862 = {
						CreatedOnToolsVersion = 9.0.1;
						ProvisioningStyle = Automatic;
						TestTargetID = 90B3A6D71F9BC970005B7862;
					};
				};
			};
			buildConfigurationList = 90B3A6D31F9BC970005B7862 /* Build configuration list for PBXProject "Virtual Wallet" */;
			compatibilityVersion = "Xcode 8.0";
			developmentRegion = en;
			hasScannedForEncodings = 0;
			knownRegions = (
				en,
				Base,
			);
			mainGroup = 90B3A6CF1F9BC970005B7862;
			productRefGroup = 90B3A6D91F9BC970005B7862 /* Products */;
			projectDirPath = "";
			projectRoot = "";
			targets = (
				90B3A6D71F9BC970005B7862 /* Virtual Wallet */,
				90B3A6EE1F9BC970005B7862 /* Virtual WalletTests */,
				90B3A6F91F9BC970005B7862 /* Virtual WalletUITests */,
			);
		};
/* End PBXProject section */

/* Begin PBXResourcesBuildPhase section */
		90B3A6D61F9BC970005B7862 /* Resources */ = {
			isa = PBXResourcesBuildPhase;
			buildActionMask = 2147483647;
			files = (
				90B3A6E91F9BC970005B7862 /* LaunchScreen.storyboard in Resources */,
				90B3A6E61F9BC970005B7862 /* Assets.xcassets in Resources */,
				90B3A6E11F9BC970005B7862 /* Main.storyboard in Resources */,
			);
			runOnlyForDeploymentPostprocessing = 0;
		};
		90B3A6ED1F9BC970005B7862 /* Resources */ = {
			isa = PBXResourcesBuildPhase;
			buildActionMask = 2147483647;
			files = (
			);
			runOnlyForDeploymentPostprocessing = 0;
		};
		90B3A6F81F9BC970005B7862 /* Resources */ = {
			isa = PBXResourcesBuildPhase;
			buildActionMask = 2147483647;
			files = (
			);
			runOnlyForDeploymentPostprocessing = 0;
		};
/* End PBXResourcesBuildPhase section */

/* Begin PBXShellScriptBuildPhase section */
		1CCC26EBF2CD36BF2493B248 /* [CP] Embed Pods Frameworks */ = {
			isa = PBXShellScriptBuildPhase;
			buildActionMask = 2147483647;
			files = (
			);
			inputPaths = (
			);
			name = "[CP] Embed Pods Frameworks";
			outputPaths = (
			);
			runOnlyForDeploymentPostprocessing = 0;
			shellPath = /bin/sh;
			shellScript = "\"${SRCROOT}/Pods/Target Support Files/Pods-Virtual Wallet/Pods-Virtual Wallet-frameworks.sh\"\n";
			showEnvVarsInLog = 0;
		};
		21D86201CFF2BBE6171DFAC9 /* [CP] Check Pods Manifest.lock */ = {
			isa = PBXShellScriptBuildPhase;
			buildActionMask = 2147483647;
			files = (
			);
			inputPaths = (
			);
			name = "[CP] Check Pods Manifest.lock";
			outputPaths = (
			);
			runOnlyForDeploymentPostprocessing = 0;
			shellPath = /bin/sh;
			shellScript = "diff \"${PODS_ROOT}/../Podfile.lock\" \"${PODS_ROOT}/Manifest.lock\" > /dev/null\nif [ $? != 0 ] ; then\n    # print error to STDERR\n    echo \"error: The sandbox is not in sync with the Podfile.lock. Run 'pod install' or update your CocoaPods installation.\" >&2\n    exit 1\nfi\n";
			showEnvVarsInLog = 0;
		};
		341D1285DCCF28B8180F5190 /* [CP] Embed Pods Frameworks */ = {
			isa = PBXShellScriptBuildPhase;
			buildActionMask = 2147483647;
			files = (
			);
			inputPaths = (
			);
			name = "[CP] Embed Pods Frameworks";
			outputPaths = (
			);
			runOnlyForDeploymentPostprocessing = 0;
			shellPath = /bin/sh;
			shellScript = "\"${SRCROOT}/Pods/Target Support Files/Pods-Virtual WalletUITests/Pods-Virtual WalletUITests-frameworks.sh\"\n";
			showEnvVarsInLog = 0;
		};
		3E0274909DA3AF68D5AEC3ED /* [CP] Copy Pods Resources */ = {
			isa = PBXShellScriptBuildPhase;
			buildActionMask = 2147483647;
			files = (
			);
			inputPaths = (
			);
			name = "[CP] Copy Pods Resources";
			outputPaths = (
			);
			runOnlyForDeploymentPostprocessing = 0;
			shellPath = /bin/sh;
			shellScript = "\"${SRCROOT}/Pods/Target Support Files/Pods-Virtual WalletUITests/Pods-Virtual WalletUITests-resources.sh\"\n";
			showEnvVarsInLog = 0;
		};
		76243D8B44D78B16FF3FF993 /* [CP] Check Pods Manifest.lock */ = {
			isa = PBXShellScriptBuildPhase;
			buildActionMask = 2147483647;
			files = (
			);
			inputPaths = (
			);
			name = "[CP] Check Pods Manifest.lock";
			outputPaths = (
			);
			runOnlyForDeploymentPostprocessing = 0;
			shellPath = /bin/sh;
			shellScript = "diff \"${PODS_ROOT}/../Podfile.lock\" \"${PODS_ROOT}/Manifest.lock\" > /dev/null\nif [ $? != 0 ] ; then\n    # print error to STDERR\n    echo \"error: The sandbox is not in sync with the Podfile.lock. Run 'pod install' or update your CocoaPods installation.\" >&2\n    exit 1\nfi\n";
			showEnvVarsInLog = 0;
		};
		77AB324F05223C1B95985B94 /* [CP] Embed Pods Frameworks */ = {
			isa = PBXShellScriptBuildPhase;
			buildActionMask = 2147483647;
			files = (
			);
			inputPaths = (
			);
			name = "[CP] Embed Pods Frameworks";
			outputPaths = (
			);
			runOnlyForDeploymentPostprocessing = 0;
			shellPath = /bin/sh;
			shellScript = "\"${SRCROOT}/Pods/Target Support Files/Pods-Virtual WalletTests/Pods-Virtual WalletTests-frameworks.sh\"\n";
			showEnvVarsInLog = 0;
		};
		8B2481AEEA63983211515626 /* [CP] Copy Pods Resources */ = {
			isa = PBXShellScriptBuildPhase;
			buildActionMask = 2147483647;
			files = (
			);
			inputPaths = (
			);
			name = "[CP] Copy Pods Resources";
			outputPaths = (
			);
			runOnlyForDeploymentPostprocessing = 0;
			shellPath = /bin/sh;
			shellScript = "\"${SRCROOT}/Pods/Target Support Files/Pods-Virtual WalletTests/Pods-Virtual WalletTests-resources.sh\"\n";
			showEnvVarsInLog = 0;
		};
		E10CF92B90362875B8400638 /* [CP] Check Pods Manifest.lock */ = {
			isa = PBXShellScriptBuildPhase;
			buildActionMask = 2147483647;
			files = (
			);
			inputPaths = (
			);
			name = "[CP] Check Pods Manifest.lock";
			outputPaths = (
			);
			runOnlyForDeploymentPostprocessing = 0;
			shellPath = /bin/sh;
			shellScript = "diff \"${PODS_ROOT}/../Podfile.lock\" \"${PODS_ROOT}/Manifest.lock\" > /dev/null\nif [ $? != 0 ] ; then\n    # print error to STDERR\n    echo \"error: The sandbox is not in sync with the Podfile.lock. Run 'pod install' or update your CocoaPods installation.\" >&2\n    exit 1\nfi\n";
			showEnvVarsInLog = 0;
		};
		F4838B5C321DF65EE9241BB2 /* [CP] Copy Pods Resources */ = {
			isa = PBXShellScriptBuildPhase;
			buildActionMask = 2147483647;
			files = (
			);
			inputPaths = (
			);
			name = "[CP] Copy Pods Resources";
			outputPaths = (
			);
			runOnlyForDeploymentPostprocessing = 0;
			shellPath = /bin/sh;
			shellScript = "\"${SRCROOT}/Pods/Target Support Files/Pods-Virtual Wallet/Pods-Virtual Wallet-resources.sh\"\n";
			showEnvVarsInLog = 0;
		};
/* End PBXShellScriptBuildPhase section */

/* Begin PBXSourcesBuildPhase section */
		90B3A6D41F9BC970005B7862 /* Sources */ = {
			isa = PBXSourcesBuildPhase;
			buildActionMask = 2147483647;
			files = (
				9084ABF11F9D36B200636D0E /* CustomButton.swift in Sources */,
				90B3A6DE1F9BC970005B7862 /* ViewController.swift in Sources */,
				90B3A6DC1F9BC970005B7862 /* AppDelegate.swift in Sources */,
				90B3A6E41F9BC970005B7862 /* Virtual_Wallet.xcdatamodeld in Sources */,
			);
			runOnlyForDeploymentPostprocessing = 0;
		};
		90B3A6EB1F9BC970005B7862 /* Sources */ = {
			isa = PBXSourcesBuildPhase;
			buildActionMask = 2147483647;
			files = (
				90B3A6F41F9BC970005B7862 /* Virtual_WalletTests.swift in Sources */,
			);
			runOnlyForDeploymentPostprocessing = 0;
		};
		90B3A6F61F9BC970005B7862 /* Sources */ = {
			isa = PBXSourcesBuildPhase;
			buildActionMask = 2147483647;
			files = (
				90B3A6FF1F9BC971005B7862 /* Virtual_WalletUITests.swift in Sources */,
			);
			runOnlyForDeploymentPostprocessing = 0;
		};
/* End PBXSourcesBuildPhase section */

/* Begin PBXTargetDependency section */
		90B3A6F11F9BC970005B7862 /* PBXTargetDependency */ = {
			isa = PBXTargetDependency;
			target = 90B3A6D71F9BC970005B7862 /* Virtual Wallet */;
			targetProxy = 90B3A6F01F9BC970005B7862 /* PBXContainerItemProxy */;
		};
		90B3A6FC1F9BC970005B7862 /* PBXTargetDependency */ = {
			isa = PBXTargetDependency;
			target = 90B3A6D71F9BC970005B7862 /* Virtual Wallet */;
			targetProxy = 90B3A6FB1F9BC970005B7862 /* PBXContainerItemProxy */;
		};
/* End PBXTargetDependency section */

/* Begin PBXVariantGroup section */
		90B3A6DF1F9BC970005B7862 /* Main.storyboard */ = {
			isa = PBXVariantGroup;
			children = (
				90B3A6E01F9BC970005B7862 /* Base */,
			);
			name = Main.storyboard;
			sourceTree = "<group>";
		};
		90B3A6E71F9BC970005B7862 /* LaunchScreen.storyboard */ = {
			isa = PBXVariantGroup;
			children = (
				90B3A6E81F9BC970005B7862 /* Base */,
			);
			name = LaunchScreen.storyboard;
			sourceTree = "<group>";
		};
/* End PBXVariantGroup section */

/* Begin XCBuildConfiguration section */
		90B3A7011F9BC971005B7862 /* Debug */ = {
			isa = XCBuildConfiguration;
			buildSettings = {
				ALWAYS_SEARCH_USER_PATHS = NO;
				CLANG_ANALYZER_NONNULL = YES;
				CLANG_ANALYZER_NUMBER_OBJECT_CONVERSION = YES_AGGRESSIVE;
				CLANG_CXX_LANGUAGE_STANDARD = "gnu++14";
				CLANG_CXX_LIBRARY = "libc++";
				CLANG_ENABLE_MODULES = YES;
				CLANG_ENABLE_OBJC_ARC = YES;
				CLANG_WARN_BLOCK_CAPTURE_AUTORELEASING = YES;
				CLANG_WARN_BOOL_CONVERSION = YES;
				CLANG_WARN_COMMA = YES;
				CLANG_WARN_CONSTANT_CONVERSION = YES;
				CLANG_WARN_DIRECT_OBJC_ISA_USAGE = YES_ERROR;
				CLANG_WARN_DOCUMENTATION_COMMENTS = YES;
				CLANG_WARN_EMPTY_BODY = YES;
				CLANG_WARN_ENUM_CONVERSION = YES;
				CLANG_WARN_INFINITE_RECURSION = YES;
				CLANG_WARN_INT_CONVERSION = YES;
				CLANG_WARN_NON_LITERAL_NULL_CONVERSION = YES;
				CLANG_WARN_OBJC_LITERAL_CONVERSION = YES;
				CLANG_WARN_OBJC_ROOT_CLASS = YES_ERROR;
				CLANG_WARN_RANGE_LOOP_ANALYSIS = YES;
				CLANG_WARN_STRICT_PROTOTYPES = YES;
				CLANG_WARN_SUSPICIOUS_MOVE = YES;
				CLANG_WARN_UNGUARDED_AVAILABILITY = YES_AGGRESSIVE;
				CLANG_WARN_UNREACHABLE_CODE = YES;
				CLANG_WARN__DUPLICATE_METHOD_MATCH = YES;
				CODE_SIGN_IDENTITY = "iPhone Developer";
				COPY_PHASE_STRIP = NO;
				DEBUG_INFORMATION_FORMAT = dwarf;
				ENABLE_STRICT_OBJC_MSGSEND = YES;
				ENABLE_TESTABILITY = YES;
				GCC_C_LANGUAGE_STANDARD = gnu11;
				GCC_DYNAMIC_NO_PIC = NO;
				GCC_NO_COMMON_BLOCKS = YES;
				GCC_OPTIMIZATION_LEVEL = 0;
				GCC_PREPROCESSOR_DEFINITIONS = (
					"DEBUG=1",
					"$(inherited)",
				);
				GCC_WARN_64_TO_32_BIT_CONVERSION = YES;
				GCC_WARN_ABOUT_RETURN_TYPE = YES_ERROR;
				GCC_WARN_UNDECLARED_SELECTOR = YES;
				GCC_WARN_UNINITIALIZED_AUTOS = YES_AGGRESSIVE;
				GCC_WARN_UNUSED_FUNCTION = YES;
				GCC_WARN_UNUSED_VARIABLE = YES;
				IPHONEOS_DEPLOYMENT_TARGET = 11.0;
				MTL_ENABLE_DEBUG_INFO = YES;
				ONLY_ACTIVE_ARCH = YES;
				SDKROOT = iphoneos;
				SWIFT_ACTIVE_COMPILATION_CONDITIONS = DEBUG;
				SWIFT_OPTIMIZATION_LEVEL = "-Onone";
			};
			name = Debug;
		};
		90B3A7021F9BC971005B7862 /* Release */ = {
			isa = XCBuildConfiguration;
			buildSettings = {
				ALWAYS_SEARCH_USER_PATHS = NO;
				CLANG_ANALYZER_NONNULL = YES;
				CLANG_ANALYZER_NUMBER_OBJECT_CONVERSION = YES_AGGRESSIVE;
				CLANG_CXX_LANGUAGE_STANDARD = "gnu++14";
				CLANG_CXX_LIBRARY = "libc++";
				CLANG_ENABLE_MODULES = YES;
				CLANG_ENABLE_OBJC_ARC = YES;
				CLANG_WARN_BLOCK_CAPTURE_AUTORELEASING = YES;
				CLANG_WARN_BOOL_CONVERSION = YES;
				CLANG_WARN_COMMA = YES;
				CLANG_WARN_CONSTANT_CONVERSION = YES;
				CLANG_WARN_DIRECT_OBJC_ISA_USAGE = YES_ERROR;
				CLANG_WARN_DOCUMENTATION_COMMENTS = YES;
				CLANG_WARN_EMPTY_BODY = YES;
				CLANG_WARN_ENUM_CONVERSION = YES;
				CLANG_WARN_INFINITE_RECURSION = YES;
				CLANG_WARN_INT_CONVERSION = YES;
				CLANG_WARN_NON_LITERAL_NULL_CONVERSION = YES;
				CLANG_WARN_OBJC_LITERAL_CONVERSION = YES;
				CLANG_WARN_OBJC_ROOT_CLASS = YES_ERROR;
				CLANG_WARN_RANGE_LOOP_ANALYSIS = YES;
				CLANG_WARN_STRICT_PROTOTYPES = YES;
				CLANG_WARN_SUSPICIOUS_MOVE = YES;
				CLANG_WARN_UNGUARDED_AVAILABILITY = YES_AGGRESSIVE;
				CLANG_WARN_UNREACHABLE_CODE = YES;
				CLANG_WARN__DUPLICATE_METHOD_MATCH = YES;
				CODE_SIGN_IDENTITY = "iPhone Developer";
				COPY_PHASE_STRIP = NO;
				DEBUG_INFORMATION_FORMAT = "dwarf-with-dsym";
				ENABLE_NS_ASSERTIONS = NO;
				ENABLE_STRICT_OBJC_MSGSEND = YES;
				GCC_C_LANGUAGE_STANDARD = gnu11;
				GCC_NO_COMMON_BLOCKS = YES;
				GCC_WARN_64_TO_32_BIT_CONVERSION = YES;
				GCC_WARN_ABOUT_RETURN_TYPE = YES_ERROR;
				GCC_WARN_UNDECLARED_SELECTOR = YES;
				GCC_WARN_UNINITIALIZED_AUTOS = YES_AGGRESSIVE;
				GCC_WARN_UNUSED_FUNCTION = YES;
				GCC_WARN_UNUSED_VARIABLE = YES;
				IPHONEOS_DEPLOYMENT_TARGET = 11.0;
				MTL_ENABLE_DEBUG_INFO = NO;
				SDKROOT = iphoneos;
				SWIFT_OPTIMIZATION_LEVEL = "-Owholemodule";
				VALIDATE_PRODUCT = YES;
			};
			name = Release;
		};
		90B3A7041F9BC971005B7862 /* Debug */ = {
			isa = XCBuildConfiguration;
			baseConfigurationReference = 9DF5A5C1CC7E8CCBBC51EF53 /* Pods-Virtual Wallet.debug.xcconfig */;
			buildSettings = {
				ASSETCATALOG_COMPILER_APPICON_NAME = AppIcon;
				CODE_SIGN_STYLE = Automatic;
				DEVELOPMENT_TEAM = PTRW36GG78;
				INFOPLIST_FILE = "Virtual Wallet/Info.plist";
				LD_RUNPATH_SEARCH_PATHS = "$(inherited) @executable_path/Frameworks";
				PRODUCT_BUNDLE_IDENTIFIER = "com.losAngelesBoy.Virtual-Wallet";
				PRODUCT_NAME = "$(TARGET_NAME)";
				SWIFT_VERSION = 4.0;
				TARGETED_DEVICE_FAMILY = 1;
			};
			name = Debug;
		};
		90B3A7051F9BC971005B7862 /* Release */ = {
			isa = XCBuildConfiguration;
			baseConfigurationReference = 82BD09894D595622016E77CD /* Pods-Virtual Wallet.release.xcconfig */;
			buildSettings = {
				ASSETCATALOG_COMPILER_APPICON_NAME = AppIcon;
				CODE_SIGN_STYLE = Automatic;
				DEVELOPMENT_TEAM = PTRW36GG78;
				INFOPLIST_FILE = "Virtual Wallet/Info.plist";
				LD_RUNPATH_SEARCH_PATHS = "$(inherited) @executable_path/Frameworks";
				PRODUCT_BUNDLE_IDENTIFIER = "com.losAngelesBoy.Virtual-Wallet";
				PRODUCT_NAME = "$(TARGET_NAME)";
				SWIFT_VERSION = 4.0;
				TARGETED_DEVICE_FAMILY = 1;
			};
			name = Release;
		};
		90B3A7071F9BC971005B7862 /* Debug */ = {
			isa = XCBuildConfiguration;
			baseConfigurationReference = B9142CB73BBA14E79F3D5885 /* Pods-Virtual WalletTests.debug.xcconfig */;
			buildSettings = {
				ALWAYS_EMBED_SWIFT_STANDARD_LIBRARIES = YES;
				BUNDLE_LOADER = "$(TEST_HOST)";
				CODE_SIGN_STYLE = Automatic;
				DEVELOPMENT_TEAM = PTRW36GG78;
				INFOPLIST_FILE = "Virtual WalletTests/Info.plist";
				LD_RUNPATH_SEARCH_PATHS = "$(inherited) @executable_path/Frameworks @loader_path/Frameworks";
				PRODUCT_BUNDLE_IDENTIFIER = "com.losAngelesBoy.Virtual-WalletTests";
				PRODUCT_NAME = "$(TARGET_NAME)";
				SWIFT_VERSION = 4.0;
				TARGETED_DEVICE_FAMILY = "1,2";
				TEST_HOST = "$(BUILT_PRODUCTS_DIR)/Virtual Wallet.app/Virtual Wallet";
			};
			name = Debug;
		};
		90B3A7081F9BC971005B7862 /* Release */ = {
			isa = XCBuildConfiguration;
			baseConfigurationReference = E10B437C837F09EB4DB27CEE /* Pods-Virtual WalletTests.release.xcconfig */;
			buildSettings = {
				ALWAYS_EMBED_SWIFT_STANDARD_LIBRARIES = YES;
				BUNDLE_LOADER = "$(TEST_HOST)";
				CODE_SIGN_STYLE = Automatic;
				DEVELOPMENT_TEAM = PTRW36GG78;
				INFOPLIST_FILE = "Virtual WalletTests/Info.plist";
				LD_RUNPATH_SEARCH_PATHS = "$(inherited) @executable_path/Frameworks @loader_path/Frameworks";
				PRODUCT_BUNDLE_IDENTIFIER = "com.losAngelesBoy.Virtual-WalletTests";
				PRODUCT_NAME = "$(TARGET_NAME)";
				SWIFT_VERSION = 4.0;
				TARGETED_DEVICE_FAMILY = "1,2";
				TEST_HOST = "$(BUILT_PRODUCTS_DIR)/Virtual Wallet.app/Virtual Wallet";
			};
			name = Release;
		};
		90B3A70A1F9BC971005B7862 /* Debug */ = {
			isa = XCBuildConfiguration;
			baseConfigurationReference = A7CCED1252DA25DE3BC47C51 /* Pods-Virtual WalletUITests.debug.xcconfig */;
			buildSettings = {
				ALWAYS_EMBED_SWIFT_STANDARD_LIBRARIES = YES;
				CODE_SIGN_STYLE = Automatic;
				DEVELOPMENT_TEAM = PTRW36GG78;
				INFOPLIST_FILE = "Virtual WalletUITests/Info.plist";
				LD_RUNPATH_SEARCH_PATHS = "$(inherited) @executable_path/Frameworks @loader_path/Frameworks";
				PRODUCT_BUNDLE_IDENTIFIER = "com.losAngelesBoy.Virtual-WalletUITests";
				PRODUCT_NAME = "$(TARGET_NAME)";
				SWIFT_VERSION = 4.0;
				TARGETED_DEVICE_FAMILY = "1,2";
				TEST_TARGET_NAME = "Virtual Wallet";
			};
			name = Debug;
		};
		90B3A70B1F9BC971005B7862 /* Release */ = {
			isa = XCBuildConfiguration;
			baseConfigurationReference = 3E93CF958902F4B99BEAF076 /* Pods-Virtual WalletUITests.release.xcconfig */;
			buildSettings = {
				ALWAYS_EMBED_SWIFT_STANDARD_LIBRARIES = YES;
				CODE_SIGN_STYLE = Automatic;
				DEVELOPMENT_TEAM = PTRW36GG78;
				INFOPLIST_FILE = "Virtual WalletUITests/Info.plist";
				LD_RUNPATH_SEARCH_PATHS = "$(inherited) @executable_path/Frameworks @loader_path/Frameworks";
				PRODUCT_BUNDLE_IDENTIFIER = "com.losAngelesBoy.Virtual-WalletUITests";
				PRODUCT_NAME = "$(TARGET_NAME)";
				SWIFT_VERSION = 4.0;
				TARGETED_DEVICE_FAMILY = "1,2";
				TEST_TARGET_NAME = "Virtual Wallet";
			};
			name = Release;
		};
/* End XCBuildConfiguration section */

/* Begin XCConfigurationList section */
		90B3A6D31F9BC970005B7862 /* Build configuration list for PBXProject "Virtual Wallet" */ = {
			isa = XCConfigurationList;
			buildConfigurations = (
				90B3A7011F9BC971005B7862 /* Debug */,
				90B3A7021F9BC971005B7862 /* Release */,
			);
			defaultConfigurationIsVisible = 0;
			defaultConfigurationName = Release;
		};
		90B3A7031F9BC971005B7862 /* Build configuration list for PBXNativeTarget "Virtual Wallet" */ = {
			isa = XCConfigurationList;
			buildConfigurations = (
				90B3A7041F9BC971005B7862 /* Debug */,
				90B3A7051F9BC971005B7862 /* Release */,
			);
			defaultConfigurationIsVisible = 0;
			defaultConfigurationName = Release;
		};
		90B3A7061F9BC971005B7862 /* Build configuration list for PBXNativeTarget "Virtual WalletTests" */ = {
			isa = XCConfigurationList;
			buildConfigurations = (
				90B3A7071F9BC971005B7862 /* Debug */,
				90B3A7081F9BC971005B7862 /* Release */,
			);
			defaultConfigurationIsVisible = 0;
			defaultConfigurationName = Release;
		};
		90B3A7091F9BC971005B7862 /* Build configuration list for PBXNativeTarget "Virtual WalletUITests" */ = {
			isa = XCConfigurationList;
			buildConfigurations = (
				90B3A70A1F9BC971005B7862 /* Debug */,
				90B3A70B1F9BC971005B7862 /* Release */,
			);
			defaultConfigurationIsVisible = 0;
			defaultConfigurationName = Release;
		};
/* End XCConfigurationList section */

/* Begin XCVersionGroup section */
		90B3A6E21F9BC970005B7862 /* Virtual_Wallet.xcdatamodeld */ = {
			isa = XCVersionGroup;
			children = (
				90B3A6E31F9BC970005B7862 /* Virtual_Wallet.xcdatamodel */,
			);
			currentVersion = 90B3A6E31F9BC970005B7862 /* Virtual_Wallet.xcdatamodel */;
			path = Virtual_Wallet.xcdatamodeld;
			sourceTree = "<group>";
			versionGroupType = wrapper.xcdatamodel;
		};
/* End XCVersionGroup section */
	};
	rootObject = 90B3A6D01F9BC970005B7862 /* Project object */;
}
